
Microsoft Visual Studio Solution File, Format Version 12.00
# Visual Studio Express 15 for Windows Desktop
VisualStudioVersion = 15.0.28010.2003
MinimumVisualStudioVersion = 10.0.40219.1
Project("{FAE04EC0-301F-11D3-BF4B-00C04F79EFBC}") = "MainCorreo", "MainCorreo\MainCorreo.csproj", "{8BB468AA-D1F8-4A82-AD5E-CA43100F52B7}"
EndProject
Project("{FAE04EC0-301F-11D3-BF4B-00C04F79EFBC}") = "Entidades", "Entidades\Entidades.csproj", "{98E77BCE-D1B1-476A-9C00-FC8F789ED597}"
EndProject
Project("{FAE04EC0-301F-11D3-BF4B-00C04F79EFBC}") = "TestUnitarios", "TestUnitarios\TestUnitarios.csproj", "{F8946C81-E3AC-4928-AEDE-6B488124CBA8}"
EndProject
Global
	GlobalSection(SolutionConfigurationPlatforms) = preSolution
		Debug|Any CPU = Debug|Any CPU
		Release|Any CPU = Release|Any CPU
	EndGlobalSection
	GlobalSection(ProjectConfigurationPlatforms) = postSolution
		{8BB468AA-D1F8-4A82-AD5E-CA43100F52B7}.Debug|Any CPU.ActiveCfg = Debug|Any CPU
		{8BB468AA-D1F8-4A82-AD5E-CA43100F52B7}.Debug|Any CPU.Build.0 = Debug|Any CPU
		{8BB468AA-D1F8-4A82-AD5E-CA43100F52B7}.Release|Any CPU.ActiveCfg = Release|Any CPU
		{8BB468AA-D1F8-4A82-AD5E-CA43100F52B7}.Release|Any CPU.Build.0 = Release|Any CPU
		{98E77BCE-D1B1-476A-9C00-FC8F789ED597}.Debug|Any CPU.ActiveCfg = Debug|Any CPU
		{98E77BCE-D1B1-476A-9C00-FC8F789ED597}.Debug|Any CPU.Build.0 = Debug|Any CPU
		{98E77BCE-D1B1-476A-9C00-FC8F789ED597}.Release|Any CPU.ActiveCfg = Release|Any CPU
		{98E77BCE-D1B1-476A-9C00-FC8F789ED597}.Release|Any CPU.Build.0 = Release|Any CPU
		{F8946C81-E3AC-4928-AEDE-6B488124CBA8}.Debug|Any CPU.ActiveCfg = Debug|Any CPU
		{F8946C81-E3AC-4928-AEDE-6B488124CBA8}.Debug|Any CPU.Build.0 = Debug|Any CPU
		{F8946C81-E3AC-4928-AEDE-6B488124CBA8}.Release|Any CPU.ActiveCfg = Release|Any CPU
		{F8946C81-E3AC-4928-AEDE-6B488124CBA8}.Release|Any CPU.Build.0 = Release|Any CPU
	EndGlobalSection
	GlobalSection(SolutionProperties) = preSolution
		HideSolutionNode = FALSE
	EndGlobalSection
	GlobalSection(ExtensibilityGlobals) = postSolution
		SolutionGuid = {8FBD27A1-4756-48B1-8B32-AEDA9C734D84}
	EndGlobalSection
EndGlobal
